
Microsoft Visual Studio Solution File, Format Version 12.00
# Visual Studio Version 17
VisualStudioVersion = 17.1.32328.378
MinimumVisualStudioVersion = 10.0.40219.1
Project("{FAE04EC0-301F-11D3-BF4B-00C04F79EFBC}") = "VideoToStream", "VideoToStream.csproj", "{7C7DE806-5424-404C-AFF5-E2F29CAFD2BA}"
EndProject
Global
	GlobalSection(SolutionConfigurationPlatforms) = preSolution
		Debug|Any CPU = Debug|Any CPU
		Release|Any CPU = Release|Any CPU
	EndGlobalSection
	GlobalSection(ProjectConfigurationPlatforms) = postSolution
		{7C7DE806-5424-404C-AFF5-E2F29CAFD2BA}.Debug|Any CPU.ActiveCfg = Debug|Any CPU
		{7C7DE806-5424-404C-AFF5-E2F29CAFD2BA}.Debug|Any CPU.Build.0 = Debug|Any CPU
		{7C7DE806-5424-404C-AFF5-E2F29CAFD2BA}.Release|Any CPU.ActiveCfg = Release|Any CPU
		{7C7DE806-5424-404C-AFF5-E2F29CAFD2BA}.Release|Any CPU.Build.0 = Release|Any CPU
	EndGlobalSection
	GlobalSection(SolutionProperties) = preSolution
		HideSolutionNode = FALSE
	EndGlobalSection
	GlobalSection(ExtensibilityGlobals) = postSolution
		SolutionGuid = {276956A5-D94A-4C7C-82DB-CE9487332A74}
	EndGlobalSection
EndGlobal
